
Microsoft Visual Studio Solution File, Format Version 12.00
# Visual Studio 15
VisualStudioVersion = 15.0.28307.168
MinimumVisualStudioVersion = 10.0.40219.1
Project("{FAE04EC0-301F-11D3-BF4B-00C04F79EFBC}") = "thumucchung", "thumucchung\thumucchung.csproj", "{62E4227D-800C-4961-A557-F491C7A71952}"
EndProject
Global
	GlobalSection(SolutionConfigurationPlatforms) = preSolution
		Debug|Any CPU = Debug|Any CPU
		Release|Any CPU = Release|Any CPU
	EndGlobalSection
	GlobalSection(ProjectConfigurationPlatforms) = postSolution
		{62E4227D-800C-4961-A557-F491C7A71952}.Debug|Any CPU.ActiveCfg = Debug|Any CPU
		{62E4227D-800C-4961-A557-F491C7A71952}.Debug|Any CPU.Build.0 = Debug|Any CPU
		{62E4227D-800C-4961-A557-F491C7A71952}.Release|Any CPU.ActiveCfg = Release|Any CPU
		{62E4227D-800C-4961-A557-F491C7A71952}.Release|Any CPU.Build.0 = Release|Any CPU
	EndGlobalSection
	GlobalSection(SolutionProperties) = preSolution
		HideSolutionNode = FALSE
	EndGlobalSection
	GlobalSection(ExtensibilityGlobals) = postSolution
		SolutionGuid = {12DB583E-8EC9-467F-91B7-53ADE9CD79AA}
	EndGlobalSection
EndGlobal
